
Microsoft Visual Studio Solution File, Format Version 12.00
# Visual Studio 2012
Project("{FAE04EC0-301F-11D3-BF4B-00C04F79EFBC}") = "2MuchShite", "2MuchShite.csproj", "{F23892B7-76AF-4D96-86A5-42A62170BD34}"
EndProject
Global
	GlobalSection(SolutionConfigurationPlatforms) = preSolution
		Debug|Any CPU = Debug|Any CPU
		Release|Any CPU = Release|Any CPU
	EndGlobalSection
	GlobalSection(ProjectConfigurationPlatforms) = postSolution
		{F23892B7-76AF-4D96-86A5-42A62170BD34}.Debug|Any CPU.ActiveCfg = Debug|Any CPU
		{F23892B7-76AF-4D96-86A5-42A62170BD34}.Debug|Any CPU.Build.0 = Debug|Any CPU
		{F23892B7-76AF-4D96-86A5-42A62170BD34}.Release|Any CPU.ActiveCfg = Release|Any CPU
		{F23892B7-76AF-4D96-86A5-42A62170BD34}.Release|Any CPU.Build.0 = Release|Any CPU
	EndGlobalSection
	GlobalSection(SolutionProperties) = preSolution
		HideSolutionNode = FALSE
	EndGlobalSection
EndGlobal
